<?xml version="1.0" encoding="utf-8"?>
<Project ToolsVersion="4.0" xmlns="http://schemas.microsoft.com/developer/msbuild/2003">
  <ItemGroup>
    <Filter Include="Source Files">
      <UniqueIdentifier>{4FC737F1-C7A5-4376-A066-2A32D752A2FF}</UniqueIdentifier>
      <Extensions>cpp;c;cc;cxx;def;odl;idl;hpj;bat;asm;asmx</Extensions>
    </Filter>
    <Filter Include="Header Files">
      <UniqueIdentifier>{93995380-89BD-4b04-88EB-625FBE52EBFB}</UniqueIdentifier>
      <Extensions>h;hh;hpp;hxx;hm;inl;inc;xsd</Extensions>
    </Filter>
    <Filter Include="Resource Files">
      <UniqueIdentifier>{67DA6AB6-F800-4c08-8B7A-83BB121AAD01}</UniqueIdentifier>
      <Extensions>rc;ico;cur;bmp;dlg;rc2;rct;bin;rgs;gif;jpg;jpeg;jpe;resx;tiff;tif;png;wav;mfcribbon-ms</Extensions>
    </Filter>
    <Filter Include="Header Files\Core Classes">
      <UniqueIdentifier>{2deeafda-6659-4bb8-a54c-1fa508552cf4}</UniqueIdentifier>
    </Filter>
    <Filter Include="Source Files\Core Classes">
      <UniqueIdentifier>{ec7025e5-df27-409d-8103-0c858cddceaf}</UniqueIdentifier>
    </Filter>
    <Filter Include="LODEPNG">
      <UniqueIdentifier>{40b38645-3cac-46f8-a378-9a38c088549b}</UniqueIdentifier>
    </Filter>
    <Filter Include="Header Files\Game States">
      <UniqueIdentifier>{45c0a232-8abf-4ba9-b1c3-c1b662bc058f}</UniqueIdentifier>
    </Filter>
    <Filter Include="Source Files\Game States">
      <UniqueIdentifier>{04a3f7dc-e332-4750-8e7c-a983a40909b5}</UniqueIdentifier>
    </Filter>
    <Filter Include="Header Files\Network Classes">
      <UniqueIdentifier>{56de7626-5fd8-49d2-9fe6-e635dd38a90a}</UniqueIdentifier>
    </Filter>
    <Filter Include="Source Files\Network Classes">
      <UniqueIdentifier>{b5def02a-0e8c-48f4-824d-9feb092e3010}</UniqueIdentifier>
    </Filter>
  </ItemGroup>
  <ItemGroup>
    <ClCompile Include="SDL Template\src\Main.cpp">
      <Filter>Source Files</Filter>
    </ClCompile>
    <ClCompile Include="SDL Template\src\SDLInit.cpp">
      <Filter>Source Files</Filter>
    </ClCompile>
    <ClCompile Include="SDL Template\src\Sprite.cpp">
      <Filter>Source Files\Core Classes</Filter>
    </ClCompile>
    <ClCompile Include="SDL Template\src\AnimSprite.cpp">
      <Filter>Source Files\Core Classes</Filter>
    </ClCompile>
    <ClCompile Include="SDL Template\src\InputManager.cpp">
      <Filter>Source Files\Core Classes</Filter>
    </ClCompile>
    <ClCompile Include="SDL Template\src\CollisionMap.cpp">
      <Filter>Source Files\Core Classes</Filter>
    </ClCompile>
    <ClCompile Include="Externals\LodePNG.cpp">
      <Filter>LODEPNG</Filter>
    </ClCompile>
    <ClCompile Include="SDL Template\src\SoundManager.cpp">
      <Filter>Source Files\Core Classes</Filter>
    </ClCompile>
    <ClCompile Include="SDL Template\src\GameStates.cpp">
      <Filter>Source Files\Game States</Filter>
    </ClCompile>
    <ClCompile Include="SDL Template\src\GSManager.cpp">
      <Filter>Source Files\Game States</Filter>
    </ClCompile>
    <ClCompile Include="SDL Template\src\TextSprite.cpp">
      <Filter>Source Files\Core Classes</Filter>
    </ClCompile>
    <ClCompile Include="SDL Template\src\TCPConnection.cpp">
      <Filter>Source Files\Network Classes</Filter>
    </ClCompile>
    <ClCompile Include="SDL Template\src\UDPConnection.cpp">
      <Filter>Source Files\Network Classes</Filter>
    </ClCompile>
  </ItemGroup>
  <ItemGroup>
    <ClInclude Include="SDL Template\include\SDLInit.h">
      <Filter>Header Files</Filter>
    </ClInclude>
    <ClInclude Include="SDL Template\include\Sprite.h">
      <Filter>Header Files\Core Classes</Filter>
    </ClInclude>
    <ClInclude Include="SDL Template\include\AnimSprite.h">
      <Filter>Header Files\Core Classes</Filter>
    </ClInclude>
    <ClInclude Include="SDL Template\include\InputManager.h">
      <Filter>Header Files\Core Classes</Filter>
    </ClInclude>
    <ClInclude Include="SDL Template\include\CollisionMap.h">
      <Filter>Header Files\Core Classes</Filter>
    </ClInclude>
    <ClInclude Include="Externals\LodePNG.h">
      <Filter>LODEPNG</Filter>
    </ClInclude>
    <ClInclude Include="SDL Template\include\SoundManager.h">
      <Filter>Header Files\Core Classes</Filter>
    </ClInclude>
    <ClInclude Include="SDL Template\include\GameStates.h">
      <Filter>Header Files\Game States</Filter>
    </ClInclude>
    <ClInclude Include="SDL Template\include\GSManager.h">
      <Filter>Header Files\Game States</Filter>
    </ClInclude>
    <ClInclude Include="SDL Template\include\TextSprite.h">
      <Filter>Header Files\Core Classes</Filter>
    </ClInclude>
    <ClInclude Include="SDL Template\include\TCPConnection.h">
      <Filter>Header Files\Network Classes</Filter>
    </ClInclude>
    <ClInclude Include="SDL Template\include\UDPConnection.h">
      <Filter>Header Files\Network Classes</Filter>
    </ClInclude>
  </ItemGroup>
</Project>